
Microsoft Visual Studio Solution File, Format Version 12.00
# Visual Studio Version 16
VisualStudioVersion = 16.0.34601.136
MinimumVisualStudioVersion = 10.0.40219.1
Project("{FAE04EC0-301F-11D3-BF4B-00C04F79EFBC}") = "TP_GRUPO_19", "TP_GRUPO_19\TP_GRUPO_19.csproj", "{B35E6235-E849-4A2D-8CB7-4692FB4CA997}"
EndProject
Global
	GlobalSection(SolutionConfigurationPlatforms) = preSolution
		Debug|Any CPU = Debug|Any CPU
		Release|Any CPU = Release|Any CPU
	EndGlobalSection
	GlobalSection(ProjectConfigurationPlatforms) = postSolution
		{B35E6235-E849-4A2D-8CB7-4692FB4CA997}.Debug|Any CPU.ActiveCfg = Debug|Any CPU
		{B35E6235-E849-4A2D-8CB7-4692FB4CA997}.Debug|Any CPU.Build.0 = Debug|Any CPU
		{B35E6235-E849-4A2D-8CB7-4692FB4CA997}.Release|Any CPU.ActiveCfg = Release|Any CPU
		{B35E6235-E849-4A2D-8CB7-4692FB4CA997}.Release|Any CPU.Build.0 = Release|Any CPU
	EndGlobalSection
	GlobalSection(SolutionProperties) = preSolution
		HideSolutionNode = FALSE
	EndGlobalSection
	GlobalSection(ExtensibilityGlobals) = postSolution
		SolutionGuid = {A57114B7-59BC-4A95-8905-FD765B542225}
	EndGlobalSection
EndGlobal
